
Microsoft Visual Studio Solution File, Format Version 12.00
# Visual Studio Version 17
VisualStudioVersion = 17.6.33829.357
MinimumVisualStudioVersion = 10.0.40219.1
Project("{9A19103F-16F7-4668-BE54-9A1E7A4F7556}") = "UserManagementAPI", "UserManagementAPI\UserManagementAPI.csproj", "{CC8B6D5E-35DE-4999-B042-17F347D83A2F}"
EndProject
Project("{FAE04EC0-301F-11D3-BF4B-00C04F79EFBC}") = "TestUserAPI", "TestUserAPI\TestUserAPI.csproj", "{A2FC6CD6-D33D-49E7-B53F-825D35090C84}"
EndProject
Global
	GlobalSection(SolutionConfigurationPlatforms) = preSolution
		Debug|Any CPU = Debug|Any CPU
		Release|Any CPU = Release|Any CPU
	EndGlobalSection
	GlobalSection(ProjectConfigurationPlatforms) = postSolution
		{CC8B6D5E-35DE-4999-B042-17F347D83A2F}.Debug|Any CPU.ActiveCfg = Debug|Any CPU
		{CC8B6D5E-35DE-4999-B042-17F347D83A2F}.Debug|Any CPU.Build.0 = Debug|Any CPU
		{CC8B6D5E-35DE-4999-B042-17F347D83A2F}.Release|Any CPU.ActiveCfg = Release|Any CPU
		{CC8B6D5E-35DE-4999-B042-17F347D83A2F}.Release|Any CPU.Build.0 = Release|Any CPU
		{A2FC6CD6-D33D-49E7-B53F-825D35090C84}.Debug|Any CPU.ActiveCfg = Debug|Any CPU
		{A2FC6CD6-D33D-49E7-B53F-825D35090C84}.Debug|Any CPU.Build.0 = Debug|Any CPU
		{A2FC6CD6-D33D-49E7-B53F-825D35090C84}.Release|Any CPU.ActiveCfg = Release|Any CPU
		{A2FC6CD6-D33D-49E7-B53F-825D35090C84}.Release|Any CPU.Build.0 = Release|Any CPU
	EndGlobalSection
	GlobalSection(SolutionProperties) = preSolution
		HideSolutionNode = FALSE
	EndGlobalSection
	GlobalSection(ExtensibilityGlobals) = postSolution
		SolutionGuid = {793EA4E9-D94E-48DA-89BC-DB00F869266F}
	EndGlobalSection
EndGlobal
